version = 1
revision = 3
requires-python = ">=3.14"

[[package]]
name = "annotated-doc"
version = "0.0.5"
source = { registry = "https://pypi.org/simple" }
sdist = { url = "https://files.pythonhosted.org/packages/5a/8e/38aa427ed5402449e226975b649c5dc73ccadfefeb95e6aecb8f8ea4b6b6/annotated_doc-0.0.5.tar.gz", hash = "sha256:c7e58ce09192557605d8bbd92836d7e1d520ac9580096042c0bfd197efacf1bb", size = 10758, upload-time = "2026-07-28T13:50:58.129Z" }
wheels = [
    { url = "https://files.pythonhosted.org/packages/3e/30/e900b21425a860e195f32e37657aa1f7c7f2b1bfb26f03ca209b90933c06/annotated_doc-0.0.5-py3-none-any.whl", hash = "sha256:117bac03a25ede5df5440e855b32d556049ca169ead221505badf432fed4b101", size = 5302, upload-time = "2026-07-28T13:50:57.239Z" },
]

[[package]]
name = "colorama"
version = "0.4.6"
source = { registry = "https://pypi.org/simple" }
sdist = { url = "https://files.pythonhosted.org/packages/d8/53/6f443c9a4a8358a93a6792e2acffb9d9d5cb0a5cfd8802644b7b1c9a02e4/colorama-0.4.6.tar.gz", hash = "sha256:08695f5cb7ed6e0531a20572697297273c47b8cae5a63ffc6d6ed5c201be6e44", size = 27697, upload-time = "2022-10-25T02:36:22.414Z" }
wheels = [
    { url = "https://files.pythonhosted.org/packages/d1/d6/3965ed04c63042e047cb6a3e6ed1a63a35087b6a609aa3a15ed8ac56c221/colorama-0.4.6-py2.py3-none-any.whl", hash = "sha256:4f1d9991f5acc0ca119f9d443620b77f9d6b33703e51011c16baf57afb285fc6", size = 25335, upload-time = "2022-10-25T02:36:20.889Z" },
]

[[package]]
name = "conftamer"
version = "0.1.0"
source = { editable = "." }
dependencies = [
    { name = "igraph" },
    { name = "polars" },
    { name = "typer" },
]

[package.metadata]
requires-dist = [
    { name = "igraph", specifier = ">=1.0.0" },
    { name = "polars", specifier = ">=1.43.2" },
    { name = "typer", specifier = ">=0.27.1" },
]

[[package]]
name = "igraph"
version = "1.0.0"
source = { registry = "https://pypi.org/simple" }
dependencies = [
    { name = "texttable" },
]
sdist = { url = "https://files.pythonhosted.org/packages/23/be/56bef1919005b4caf1f71522b300d359f7faeb7ae93a3b0baa9b4f146a87/igraph-1.0.0.tar.gz", hash = "sha256:2414d0be2e4d77ee5357807d100974b40f6082bb1bb71988ec46cfb6728651ee", size = 5077105, upload-time = "2025-10-23T12:22:50.127Z" }
wheels = [
    { url = "https://files.pythonhosted.org/packages/a5/03/3278ad0ceb3ea0e84d8ae3a85bdded4d0e57853aeb802a200feb43847b93/igraph-1.0.0-cp39-abi3-macosx_10_15_x86_64.whl", hash = "sha256:c2cbc415e02523e5a241eecee82319080bf928a70b1ba299f3b3e25bf029b6d4", size = 2257415, upload-time = "2025-10-23T12:22:27.246Z" },
    { url = "https://files.pythonhosted.org/packages/0d/bc/6281ec7f9baaf71ee57c3b1748da2d3148d15d253e1a03006f204aa68ca5/igraph-1.0.0-cp39-abi3-macosx_11_0_arm64.whl", hash = "sha256:1a27753cd80680a8f676c2d5a467aaa4a95e510b30748398ec4e4aeb982130e8", size = 2048555, upload-time = "2025-10-23T12:22:29.49Z" },
    { url = "https://files.pythonhosted.org/packages/2a/38/3cd6428a4ed4c09a56df05998438e7774fd1d799ee4fb8fc481674f5f7fc/igraph-1.0.0-cp39-abi3-manylinux_2_28_aarch64.whl", hash = "sha256:a55dc3a2a4e3fc3eba42479910c1511bfc3ecb33cdf5f0406891fd85f14b5aee", size = 5314141, upload-time = "2025-10-23T12:22:31.023Z" },
    { url = "https://files.pythonhosted.org/packages/7d/da/dd2867c25adbb41563720f14b5fc895c98bf88be682a3faff4f7b3118d2a/igraph-1.0.0-cp39-abi3-manylinux_2_28_x86_64.whl", hash = "sha256:2d04c2c76f686fb1f554ee35dfd3085f5e73b7965ba6b4cf06d53e66b1955522", size = 5683134, upload-time = "2025-10-23T12:22:32.423Z" },
    { url = "https://files.pythonhosted.org/packages/e5/40/243c118d34ab80382d7009c4dcb99b887384c3d2ce84d29eeac19e2a007a/igraph-1.0.0-cp39-abi3-musllinux_1_2_aarch64.whl", hash = "sha256:f2b52dc1757fff0fed29a9f7a276d971a11db4211569ed78b9eab36288dfcc9d", size = 6211583, upload-time = "2025-10-23T12:22:34.238Z" },
    { url = "https://files.pythonhosted.org/packages/1d/b7/88f433819c54b496cb0315fce28e658970cb20ff5dbd52a5a605ce2888de/igraph-1.0.0-cp39-abi3-musllinux_1_2_x86_64.whl", hash = "sha256:05c79a2a8fca695b2f217a6fa7f2549f896f757d4db41be32a055400cb19cc30", size = 6594509, upload-time = "2025-10-23T12:22:35.831Z" },
    { url = "https://files.pythonhosted.org/packages/7b/5d/8f7f6f619d374e959aa3664ebc4b24c10abc90c2e8efbed97f2623fadaf5/igraph-1.0.0-cp39-abi3-win32.whl", hash = "sha256:c2bce3cd472fec3dd9c4d8a3ea5b6b9be65fb30edf760beb4850760dd4f2d479", size = 2725406, upload-time = "2025-10-23T12:22:37.588Z" },
    { url = "https://files.pythonhosted.org/packages/af/77/a85b3745cf40a0572bae2de8cd9c2a2a8af78e5cf3e880fc0a249114e609/igraph-1.0.0-cp39-abi3-win_amd64.whl", hash = "sha256:faeff8ede0cf15eb4ded44b0fcea6e1886740146e60504c24ad2da14e0939563", size = 3221663, upload-time = "2025-10-23T12:22:39.404Z" },
    { url = "https://files.pythonhosted.org/packages/ef/7e/5df541c37bdf6493035e89c22bd53f30d99b291bcda6c78e9a8afeecec2b/igraph-1.0.0-cp39-abi3-win_arm64.whl", hash = "sha256:b607cafc24b10a615e713ee96e58208ef27e0764af80140c7cc45d4724a3f2df", size = 2785701, upload-time = "2025-10-23T12:22:41.03Z" },
]

[[package]]
name = "markdown-it-py"
version = "4.2.0"
source = { registry = "https://pypi.org/simple" }
dependencies = [
    { name = "mdurl" },
]
sdist = { url = "https://files.pythonhosted.org/packages/06/ff/7841249c247aa650a76b9ee4bbaeae59370dc8bfd2f6c01f3630c35eb134/markdown_it_py-4.2.0.tar.gz", hash = "sha256:04a21681d6fbb623de53f6f364d352309d4094dd4194040a10fd51833e418d49", size = 82454, upload-time = "2026-05-07T12:08:28.36Z" }
wheels = [
    { url = "https://files.pythonhosted.org/packages/b3/81/4da04ced5a082363ecfa159c010d200ecbd959ae410c10c0264a38cac0f5/markdown_it_py-4.2.0-py3-none-any.whl", hash = "sha256:9f7ebbcd14fe59494226453aed97c1070d83f8d24b6fc3a3bcf9a38092641c4a", size = 91687, upload-time = "2026-05-07T12:08:27.182Z" },
]

[[package]]
name = "mdurl"
version = "0.1.2"
source = { registry = "https://pypi.org/simple" }
sdist = { url = "https://files.pythonhosted.org/packages/d6/54/cfe61301667036ec958cb99bd3efefba235e65cdeb9c84d24a8293ba1d90/mdurl-0.1.2.tar.gz", hash = "sha256:bb413d29f5eea38f31dd4754dd7377d4465116fb207585f97bf925588687c1ba", size = 8729, upload-time = "2022-08-14T12:40:10.846Z" }
wheels = [
    { url = "https://files.pythonhosted.org/packages/b3/38/89ba8ad64ae25be8de66a6d463314cf1eb366222074cfda9ee839c56a4b4/mdurl-0.1.2-py3-none-any.whl", hash = "sha256:84008a41e51615a49fc9966191ff91509e3c40b939176e643fd50a5c2196b8f8", size = 9979, upload-time = "2022-08-14T12:40:09.779Z" },
]

[[package]]
name = "polars"
version = "1.43.2"
source = { registry = "https://pypi.org/simple" }
dependencies = [
    { name = "polars-runtime-32" },
]
sdist = { url = "https://files.pythonhosted.org/packages/89/13/3873f213304bcbaaf39e63c8b905ceb460a0524448d57f86a829f6d4d0fd/polars-1.43.2.tar.gz", hash = "sha256:c699671b99eb71ff53334d237917aaa3db5ad4dda480abcb6c80e0eaee7b677b", size = 750312, upload-time = "2026-08-01T06:28:30.872Z" }
wheels = [
    { url = "https://files.pythonhosted.org/packages/2b/fe/0888040a24e4504098b85d8ad486b14cb01cf6b030bbe479dfc2dcffc2ac/polars-1.43.2-py3-none-any.whl", hash = "sha256:22aa0cb92a1ee2d60d6a15a638b2e8e0dd99aea21ac0cd8fb29da8e382e075a9", size = 847150, upload-time = "2026-08-01T06:27:15.543Z" },
]

[[package]]
name = "polars-runtime-32"
version = "1.43.2"
source = { registry = "https://pypi.org/simple" }
sdist = { url = "https://files.pythonhosted.org/packages/d4/06/11b578eeef05f867e3ee31b2a2fdd8e7684c2aa47822c49935d1be789c38/polars_runtime_32-1.43.2.tar.gz", hash = "sha256:d7b7c486bccee75a6af0158b87077da3d054657e3c60036b28644f4e1c7fdbf7", size = 3095669, upload-time = "2026-08-01T06:28:32.315Z" }
wheels = [
    { url = "https://files.pythonhosted.org/packages/59/fc/12e6d4ca34d820297651134cfa35f86c33e898539fc6629cbb35d0089697/polars_runtime_32-1.43.2-cp310-abi3-macosx_10_12_x86_64.whl", hash = "sha256:91abf205d4ec93f92ba95386b7f8776559ae3dfce425ed2e527efa75d117d04a", size = 53088908, upload-time = "2026-08-01T06:27:18.268Z" },
    { url = "https://files.pythonhosted.org/packages/32/81/833b0853551deb810854f96b43dea342b6e6c9b0ea1afcccf774157d519d/polars_runtime_32-1.43.2-cp310-abi3-macosx_11_0_arm64.whl", hash = "sha256:2cc3ff96fd44789b02eb5c15b98dfcb000101636b177d3034fae2feec19b118f", size = 47540529, upload-time = "2026-08-01T06:27:21.391Z" },
    { url = "https://files.pythonhosted.org/packages/83/55/7b2a75af14c9294d97f3bec132dd3018ddcd988bef32b5d28322150b8c11/polars_runtime_32-1.43.2-cp310-abi3-manylinux_2_17_aarch64.manylinux2014_aarch64.whl", hash = "sha256:10ed36e615ab362feb7406e6d084e124b445ad284caa73bd93ae7e65745ed894", size = 51366340, upload-time = "2026-08-01T06:27:24.776Z" },
    { url = "https://files.pythonhosted.org/packages/62/60/64deacb3abc70c52e2d88a808a052d1621c86a48fe9194f2c065579ab1cd/polars_runtime_32-1.43.2-cp310-abi3-manylinux_2_17_x86_64.manylinux2014_x86_64.whl", hash = "sha256:6d5a7ae004a2723ebf4427f6d6a639f30f86af4cf077075f6b35d04711154fc3", size = 57304599, upload-time = "2026-08-01T06:27:27.875Z" },
    { url = "https://files.pythonhosted.org/packages/52/95/d6e3a236d7630e17c40d0ddee839bf2be9acf548fdc0e5ad65ed9ff0cac6/polars_runtime_32-1.43.2-cp310-abi3-musllinux_1_2_aarch64.whl", hash = "sha256:09339eacc6d392206e78aabbaaa37d7276eb969b798f46cb1f367fd718798c60", size = 51520580, upload-time = "2026-08-01T06:27:30.913Z" },
    { url = "https://files.pythonhosted.org/packages/b6/5a/2deb8eac70e9a2ac26d88a66ae7cf52612865026f4f4a5e7ab11ad9d52bf/polars_runtime_32-1.43.2-cp310-abi3-musllinux_1_2_x86_64.whl", hash = "sha256:452b400e59e7f56e4c6437f435e796903272a9388feee12de2bea049ae87025e", size = 55204471, upload-time = "2026-08-01T06:27:33.886Z" },
    { url = "https://files.pythonhosted.org/packages/29/9e/647401ae8a607bc0cc40ed7b8592d5b1be90ded0dc9b9d6d3aeb03f9524b/polars_runtime_32-1.43.2-cp310-abi3-win_amd64.whl", hash = "sha256:00e33c28e321410c8d66e814a90043101e3bdd9ed2c6dabda07565aa8adbbdf1", size = 52572176, upload-time = "2026-08-01T06:27:37.048Z" },
    { url = "https://files.pythonhosted.org/packages/96/8d/60a50c3f36c85218a7ffcb48c6fe2ce1f7bec799152d68b8658ebed2179c/polars_runtime_32-1.43.2-cp310-abi3-win_arm64.whl", hash = "sha256:350a4868cae85bf8b3f81b33ba47927c15256bd9264dfc8c0753f1b927eac9d3", size = 46582513, upload-time = "2026-08-01T06:27:40.025Z" },
]

[[package]]
name = "pygments"
version = "2.20.0"
source = { registry = "https://pypi.org/simple" }
sdist = { url = "https://files.pythonhosted.org/packages/c3/b2/bc9c9196916376152d655522fdcebac55e66de6603a76a02bca1b6414f6c/pygments-2.20.0.tar.gz", hash = "sha256:6757cd03768053ff99f3039c1a36d6c0aa0b263438fcab17520b30a303a82b5f", size = 4955991, upload-time = "2026-03-29T13:29:33.898Z" }
wheels = [
    { url = "https://files.pythonhosted.org/packages/f4/7e/a72dd26f3b0f4f2bf1dd8923c85f7ceb43172af56d63c7383eb62b332364/pygments-2.20.0-py3-none-any.whl", hash = "sha256:81a9e26dd42fd28a23a2d169d86d7ac03b46e2f8b59ed4698fb4785f946d0176", size = 1231151, upload-time = "2026-03-29T13:29:30.038Z" },
]

[[package]]
name = "rich"
version = "15.0.0"
source = { registry = "https://pypi.org/simple" }
dependencies = [
    { name = "markdown-it-py" },
    { name = "pygments" },
]
sdist = { url = "https://files.pythonhosted.org/packages/c0/8f/0722ca900cc807c13a6a0c696dacf35430f72e0ec571c4275d2371fca3e9/rich-15.0.0.tar.gz", hash = "sha256:edd07a4824c6b40189fb7ac9bc4c52536e9780fbbfbddf6f1e2502c31b068c36", size = 230680, upload-time = "2026-04-12T08:24:00.75Z" }
wheels = [
    { url = "https://files.pythonhosted.org/packages/82/3b/64d4899d73f91ba49a8c18a8ff3f0ea8f1c1d75481760df8c68ef5235bf5/rich-15.0.0-py3-none-any.whl", hash = "sha256:33bd4ef74232fb73fe9279a257718407f169c09b78a87ad3d296f548e27de0bb", size = 310654, upload-time = "2026-04-12T08:24:02.83Z" },
]

[[package]]
name = "shellingham"
version = "1.5.4"
source = { registry = "https://pypi.org/simple" }
sdist = { url = "https://files.pythonhosted.org/packages/58/15/8b3609fd3830ef7b27b655beb4b4e9c62313a4e8da8c676e142cc210d58e/shellingham-1.5.4.tar.gz", hash = "sha256:8dbca0739d487e5bd35ab3ca4b36e11c4078f3a234bfce294b0a0291363404de", size = 10310, upload-time = "2023-10-24T04:13:40.426Z" }
wheels = [
    { url = "https://files.pythonhosted.org/packages/e0/f9/0595336914c5619e5f28a1fb793285925a8cd4b432c9da0a987836c7f822/shellingham-1.5.4-py2.py3-none-any.whl", hash = "sha256:7ecfff8f2fd72616f7481040475a65b2bf8af90a56c89140852d1120324e8686", size = 9755, upload-time = "2023-10-24T04:13:38.866Z" },
]

[[package]]
name = "texttable"
version = "1.7.0"
source = { registry = "https://pypi.org/simple" }
sdist = { url = "https://files.pythonhosted.org/packages/1c/dc/0aff23d6036a4d3bf4f1d8c8204c5c79c4437e25e0ae94ffe4bbb55ee3c2/texttable-1.7.0.tar.gz", hash = "sha256:2d2068fb55115807d3ac77a4ca68fa48803e84ebb0ee2340f858107a36522638", size = 12831, upload-time = "2023-10-03T09:48:12.272Z" }
wheels = [
    { url = "https://files.pythonhosted.org/packages/24/99/4772b8e00a136f3e01236de33b0efda31ee7077203ba5967fcc76da94d65/texttable-1.7.0-py2.py3-none-any.whl", hash = "sha256:72227d592c82b3d7f672731ae73e4d1f88cd8e2ef5b075a7a7f01a23a3743917", size = 10768, upload-time = "2023-10-03T09:48:10.434Z" },
]

[[package]]
name = "typer"
version = "0.27.1"
source = { registry = "https://pypi.org/simple" }
dependencies = [
    { name = "annotated-doc" },
    { name = "colorama", marker = "sys_platform == 'win32'" },
    { name = "rich" },
    { name = "shellingham" },
]
sdist = { url = "https://files.pythonhosted.org/packages/ae/40/4a3db7990d1f62a53182aa96eaef57aeb2886a27f90a195bc66713565d31/typer-0.27.1.tar.gz", hash = "sha256:a79bef8469a79c45498e7b814ecf8d603cc7644e9acbd9e19cac0334240b18df", size = 203994, upload-time = "2026-08-03T14:41:03.438Z" }
wheels = [
    { url = "https://files.pythonhosted.org/packages/43/89/9518bc0c3929bee36b3a4a8e3daddd6e03f92f9961c66d4983b837160543/typer-0.27.1-py3-none-any.whl", hash = "sha256:53150287edd11baeb4e4722c8e394fcdf8181c0ae89485cba8d25c778d5edd56", size = 122874, upload-time = "2026-08-03T14:41:04.391Z" },
]
